// !$*UTF8*$!
{
	archiveVersion = 1;
	classes = {
	};
	objectVersion = 50;
	objects = {

/* Begin PBXBuildFile section */
		63F39F4A211B8F220034A4EF /* AppDelegate.swift in Sources */ = {isa = PBXBuildFile; fileRef = 63F39F49211B8F220034A4EF /* AppDelegate.swift */; };
		63F39F4C211B8F220034A4EF /* ViewController.swift in Sources */ = {isa = PBXBuildFile; fileRef = 63F39F4B211B8F220034A4EF /* ViewController.swift */; };
		63F39F4F211B8F220034A4EF /* Main.storyboard in Resources */ = {isa = PBXBuildFile; fileRef = 63F39F4D211B8F220034A4EF /* Main.storyboard */; };
		63F39F51211B8F230034A4EF /* Assets.xcassets in Resources */ = {isa = PBXBuildFile; fileRef = 63F39F50211B8F230034A4EF /* Assets.xcassets */; };
		63F39F54211B8F230034A4EF /* LaunchScreen.storyboard in Resources */ = {isa = PBXBuildFile; fileRef = 63F39F52211B8F230034A4EF /* LaunchScreen.storyboard */; };
		63F39F5F211B8F230034A4EF /* emptybuildTests.swift in Sources */ = {isa = PBXBuildFile; fileRef = 63F39F5E211B8F230034A4EF /* emptybuildTests.swift */; };
/* End PBXBuildFile section */

/* Begin PBXContainerItemProxy section */
		63F39F5B211B8F230034A4EF /* PBXContainerItemProxy */ = {
			isa = PBXContainerItemProxy;
			containerPortal = 63F39F3E211B8F220034A4EF /* Project object */;
			proxyType = 1;
			remoteGlobalIDString = 63F39F45211B8F220034A4EF;
			remoteInfo = emptybuild;
		};
/* End PBXContainerItemProxy section */

/* Begin PBXFileReference section */
		63F39F46211B8F220034A4EF /* emptybuild.app */ = {isa = PBXFileReference; explicitFileType = wrapper.application; includeInIndex = 0; path = emptybuild.app; sourceTree = BUILT_PRODUCTS_DIR; };
		63F39F49211B8F220034A4EF /* AppDelegate.swift */ = {isa = PBXFileReference; lastKnownFileType = sourcecode.swift; path = AppDelegate.swift; sourceTree = "<group>"; };
		63F39F4B211B8F220034A4EF /* ViewController.swift */ = {isa = PBXFileReference; lastKnownFileType = sourcecode.swift; path = ViewController.swift; sourceTree = "<group>"; };
		63F39F4E211B8F220034A4EF /* Base */ = {isa = PBXFileReference; lastKnownFileType = file.storyboard; name = Base; path = Base.lproj/Main.storyboard; sourceTree = "<group>"; };
		63F39F50211B8F230034A4EF /* Assets.xcassets */ = {isa = PBXFileReference; lastKnownFileType = folder.assetcatalog; path = Assets.xcassets; sourceTree = "<group>"; };
		63F39F53211B8F230034A4EF /* Base */ = {isa = PBXFileReference; lastKnownFileType = file.storyboard; name = Base; path = Base.lproj/LaunchScreen.storyboard; sourceTree = "<group>"; };
		63F39F55211B8F230034A4EF /* Info.plist */ = {isa = PBXFileReference; lastKnownFileType = text.plist.xml; path = Info.plist; sourceTree = "<group>"; };
		63F39F5A211B8F230034A4EF /* emptybuildTests.xctest */ = {isa = PBXFileReference; explicitFileType = wrapper.cfbundle; includeInIndex = 0; path = emptybuildTests.xctest; sourceTree = BUILT_PRODUCTS_DIR; };
		63F39F5E211B8F230034A4EF /* emptybuildTests.swift */ = {isa = PBXFileReference; lastKnownFileType = sourcecode.swift; path = emptybuildTests.swift; sourceTree = "<group>"; };
		63F39F60211B8F230034A4EF /* Info.plist */ = {isa = PBXFileReference; lastKnownFileType = text.plist.xml; path = Info.plist; sourceTree = "<group>"; };
/* End PBXFileReference section */

/* Begin PBXFrameworksBuildPhase section */
		63F39F43211B8F220034A4EF /* Frameworks */ = {
			isa = PBXFrameworksBuildPhase;
			buildActionMask = 2147483647;
			files = (
			);
			runOnlyForDeploymentPostprocessing = 0;
		};
		63F39F57211B8F230034A4EF /* Frameworks */ = {
			isa = PBXFrameworksBuildPhase;
			buildActionMask = 2147483647;
			files = (
			);
			runOnlyForDeploymentPostprocessing = 0;
		};
/* End PBXFrameworksBuildPhase section */

/* Begin PBXGroup section */
		63F39F3D211B8F220034A4EF = {
			isa = PBXGroup;
			children = (
				63F39F48211B8F220034A4EF /* emptybuild */,
				63F39F5D211B8F230034A4EF /* emptybuildTests */,
				63F39F47211B8F220034A4EF /* Products */,
			);
			sourceTree = "<group>";
		};
		63F39F47211B8F220034A4EF /* Products */ = {
			isa = PBXGroup;
			children = (
				63F39F46211B8F220034A4EF /* emptybuild.app */,
				63F39F5A211B8F230034A4EF /* emptybuildTests.xctest */,
			);
			name = Products;
			sourceTree = "<group>";
		};
		63F39F48211B8F220034A4EF /* emptybuild */ = {
			isa = PBXGroup;
			children = (
				63F39F49211B8F220034A4EF /* AppDelegate.swift */,
				63F39F4B211B8F220034A4EF /* ViewController.swift */,
				63F39F4D211B8F220034A4EF /* Main.storyboard */,
				63F39F50211B8F230034A4EF /* Assets.xcassets */,
				63F39F52211B8F230034A4EF /* LaunchScreen.storyboard */,
				63F39F55211B8F230034A4EF /* Info.plist */,
			);
			path = emptybuild;
			sourceTree = "<group>";
		};
		63F39F5D211B8F230034A4EF /* emptybuildTests */ = {
			isa = PBXGroup;
			children = (
				63F39F5E211B8F230034A4EF /* emptybuildTests.swift */,
				63F39F60211B8F230034A4EF /* Info.plist */,
			);
			path = emptybuildTests;
			sourceTree = "<group>";
		};
/* End PBXGroup section */

/* Begin PBXNativeTarget section */
		63F39F45211B8F220034A4EF /* emptybuild */ = {
			isa = PBXNativeTarget;
			buildConfigurationList = 63F39F63211B8F230034A4EF /* Build configuration list for PBXNativeTarget "emptybuild" */;
			buildPhases = (
				63F39F42211B8F220034A4EF /* Sources */,
				63F39F43211B8F220034A4EF /* Frameworks */,
				63F39F44211B8F220034A4EF /* Resources */,
			);
			buildRules = (
			);
			dependencies = (
			);
			name = emptybuild;
			productName = emptybuild;
			productReference = 63F39F46211B8F220034A4EF /* emptybuild.app */;
			productType = "com.apple.product-type.application";
		};
		63F39F59211B8F230034A4EF /* emptybuildTests */ = {
			isa = PBXNativeTarget;
			buildConfigurationList = 63F39F66211B8F230034A4EF /* Build configuration list for PBXNativeTarget "emptybuildTests" */;
			buildPhases = (
				63F39F56211B8F230034A4EF /* Sources */,
				63F39F57211B8F230034A4EF /* Frameworks */,
				63F39F58211B8F230034A4EF /* Resources */,
			);
			buildRules = (
			);
			dependencies = (
				63F39F5C211B8F230034A4EF /* PBXTargetDependency */,
			);
			name = emptybuildTests;
			productName = emptybuildTests;
			productReference = 63F39F5A211B8F230034A4EF /* emptybuildTests.xctest */;
			productType = "com.apple.product-type.bundle.unit-test";
		};
/* End PBXNativeTarget section */

/* Begin PBXProject section */
		63F39F3E211B8F220034A4EF /* Project object */ = {
			isa = PBXProject;
			attributes = {
				LastSwiftUpdateCheck = 0940;
				LastUpgradeCheck = 0940;
				ORGANIZATIONNAME = "Kevin Galligan";
				TargetAttributes = {
					63F39F45211B8F220034A4EF = {
						CreatedOnToolsVersion = 9.4.1;
					};
					63F39F59211B8F230034A4EF = {
						CreatedOnToolsVersion = 9.4.1;
						TestTargetID = 63F39F45211B8F220034A4EF;
					};
				};
			};
			buildConfigurationList = 63F39F41211B8F220034A4EF /* Build configuration list for PBXProject "emptybuild" */;
			compatibilityVersion = "Xcode 9.3";
			developmentRegion = en;
			hasScannedForEncodings = 0;
			knownRegions = (
				en,
				Base,
			);
			mainGroup = 63F39F3D211B8F220034A4EF;
			productRefGroup = 63F39F47211B8F220034A4EF /* Products */;
			projectDirPath = "";
			projectRoot = "";
			targets = (
				63F39F45211B8F220034A4EF /* emptybuild */,
				63F39F59211B8F230034A4EF /* emptybuildTests */,
			);
		};
/* End PBXProject section */

/* Begin PBXResourcesBuildPhase section */
		63F39F44211B8F220034A4EF /* Resources */ = {
			isa = PBXResourcesBuildPhase;
			buildActionMask = 2147483647;
			files = (
				63F39F54211B8F230034A4EF /* LaunchScreen.storyboard in Resources */,
				63F39F51211B8F230034A4EF /* Assets.xcassets in Resources */,
				63F39F4F211B8F220034A4EF /* Main.storyboard in Resources */,
			);
			runOnlyForDeploymentPostprocessing = 0;
		};
		63F39F58211B8F230034A4EF /* Resources */ = {
			isa = PBXResourcesBuildPhase;
			buildActionMask = 2147483647;
			files = (
			);
			runOnlyForDeploymentPostprocessing = 0;
		};
/* End PBXResourcesBuildPhase section */

/* Begin PBXSourcesBuildPhase section */
		63F39F42211B8F220034A4EF /* Sources */ = {
			isa = PBXSourcesBuildPhase;
			buildActionMask = 2147483647;
			files = (
				63F39F4C211B8F220034A4EF /* ViewController.swift in Sources */,
				63F39F4A211B8F220034A4EF /* AppDelegate.swift in Sources */,
			);
			runOnlyForDeploymentPostprocessing = 0;
		};
		63F39F56211B8F230034A4EF /* Sources */ = {
			isa = PBXSourcesBuildPhase;
			buildActionMask = 2147483647;
			files = (
				63F39F5F211B8F230034A4EF /* emptybuildTests.swift in Sources */,
			);
			runOnlyForDeploymentPostprocessing = 0;
		};
/* End PBXSourcesBuildPhase section */

/* Begin PBXTargetDependency section */
		63F39F5C211B8F230034A4EF /* PBXTargetDependency */ = {
			isa = PBXTargetDependency;
			target = 63F39F45211B8F220034A4EF /* emptybuild */;
			targetProxy = 63F39F5B211B8F230034A4EF /* PBXContainerItemProxy */;
		};
/* End PBXTargetDependency section */

/* Begin PBXVariantGroup section */
		63F39F4D211B8F220034A4EF /* Main.storyboard */ = {
			isa = PBXVariantGroup;
			children = (
				63F39F4E211B8F220034A4EF /* Base */,
			);
			name = Main.storyboard;
			sourceTree = "<group>";
		};
		63F39F52211B8F230034A4EF /* LaunchScreen.storyboard */ = {
			isa = PBXVariantGroup;
			children = (
				63F39F53211B8F230034A4EF /* Base */,
			);
			name = LaunchScreen.storyboard;
			sourceTree = "<group>";
		};
/* End PBXVariantGroup section */

/* Begin XCBuildConfiguration section */
		63F39F61211B8F230034A4EF /* Debug */ = {
			isa = XCBuildConfiguration;
			buildSettings = {
				ALWAYS_SEARCH_USER_PATHS = NO;
				CLANG_ANALYZER_NONNULL = YES;
				CLANG_ANALYZER_NUMBER_OBJECT_CONVERSION = YES_AGGRESSIVE;
				CLANG_CXX_LANGUAGE_STANDARD = "gnu++14";
				CLANG_CXX_LIBRARY = "libc++";
				CLANG_ENABLE_MODULES = YES;
				CLANG_ENABLE_OBJC_ARC = YES;
				CLANG_ENABLE_OBJC_WEAK = YES;
				CLANG_WARN_BLOCK_CAPTURE_AUTORELEASING = YES;
				CLANG_WARN_BOOL_CONVERSION = YES;
				CLANG_WARN_COMMA = YES;
				CLANG_WARN_CONSTANT_CONVERSION = YES;
				CLANG_WARN_DEPRECATED_OBJC_IMPLEMENTATIONS = YES;
				CLANG_WARN_DIRECT_OBJC_ISA_USAGE = YES_ERROR;
				CLANG_WARN_DOCUMENTATION_COMMENTS = YES;
				CLANG_WARN_EMPTY_BODY = YES;
				CLANG_WARN_ENUM_CONVERSION = YES;
				CLANG_WARN_INFINITE_RECURSION = YES;
				CLANG_WARN_INT_CONVERSION = YES;
				CLANG_WARN_NON_LITERAL_NULL_CONVERSION = YES;
				CLANG_WARN_OBJC_IMPLICIT_RETAIN_SELF = YES;
				CLANG_WARN_OBJC_LITERAL_CONVERSION = YES;
				CLANG_WARN_OBJC_ROOT_CLASS = YES_ERROR;
				CLANG_WARN_RANGE_LOOP_ANALYSIS = YES;
				CLANG_WARN_STRICT_PROTOTYPES = YES;
				CLANG_WARN_SUSPICIOUS_MOVE = YES;
				CLANG_WARN_UNGUARDED_AVAILABILITY = YES_AGGRESSIVE;
				CLANG_WARN_UNREACHABLE_CODE = YES;
				CLANG_WARN__DUPLICATE_METHOD_MATCH = YES;
				CODE_SIGN_IDENTITY = "iPhone Developer";
				COPY_PHASE_STRIP = NO;
				DEBUG_INFORMATION_FORMAT = dwarf;
				ENABLE_STRICT_OBJC_MSGSEND = YES;
				ENABLE_TESTABILITY = YES;
				GCC_C_LANGUAGE_STANDARD = gnu11;
				GCC_DYNAMIC_NO_PIC = NO;
				GCC_NO_COMMON_BLOCKS = YES;
				GCC_OPTIMIZATION_LEVEL = 0;
				GCC_PREPROCESSOR_DEFINITIONS = (
					"DEBUG=1",
					"$(inherited)",
				);
				GCC_WARN_64_TO_32_BIT_CONVERSION = YES;
				GCC_WARN_ABOUT_RETURN_TYPE = YES_ERROR;
				GCC_WARN_UNDECLARED_SELECTOR = YES;
				GCC_WARN_UNINITIALIZED_AUTOS = YES_AGGRESSIVE;
				GCC_WARN_UNUSED_FUNCTION = YES;
				GCC_WARN_UNUSED_VARIABLE = YES;
				IPHONEOS_DEPLOYMENT_TARGET = 11.4;
				MTL_ENABLE_DEBUG_INFO = YES;
				ONLY_ACTIVE_ARCH = YES;
				SDKROOT = iphoneos;
				SWIFT_ACTIVE_COMPILATION_CONDITIONS = DEBUG;
				SWIFT_OPTIMIZATION_LEVEL = "-Onone";
			};
			name = Debug;
		};
		63F39F62211B8F230034A4EF /* Release */ = {
			isa = XCBuildConfiguration;
			buildSettings = {
				ALWAYS_SEARCH_USER_PATHS = NO;
				CLANG_ANALYZER_NONNULL = YES;
				CLANG_ANALYZER_NUMBER_OBJECT_CONVERSION = YES_AGGRESSIVE;
				CLANG_CXX_LANGUAGE_STANDARD = "gnu++14";
				CLANG_CXX_LIBRARY = "libc++";
				CLANG_ENABLE_MODULES = YES;
				CLANG_ENABLE_OBJC_ARC = YES;
				CLANG_ENABLE_OBJC_WEAK = YES;
				CLANG_WARN_BLOCK_CAPTURE_AUTORELEASING = YES;
				CLANG_WARN_BOOL_CONVERSION = YES;
				CLANG_WARN_COMMA = YES;
				CLANG_WARN_CONSTANT_CONVERSION = YES;
				CLANG_WARN_DEPRECATED_OBJC_IMPLEMENTATIONS = YES;
				CLANG_WARN_DIRECT_OBJC_ISA_USAGE = YES_ERROR;
				CLANG_WARN_DOCUMENTATION_COMMENTS = YES;
				CLANG_WARN_EMPTY_BODY = YES;
				CLANG_WARN_ENUM_CONVERSION = YES;
				CLANG_WARN_INFINITE_RECURSION = YES;
				CLANG_WARN_INT_CONVERSION = YES;
				CLANG_WARN_NON_LITERAL_NULL_CONVERSION = YES;
				CLANG_WARN_OBJC_IMPLICIT_RETAIN_SELF = YES;
				CLANG_WARN_OBJC_LITERAL_CONVERSION = YES;
				CLANG_WARN_OBJC_ROOT_CLASS = YES_ERROR;
				CLANG_WARN_RANGE_LOOP_ANALYSIS = YES;
				CLANG_WARN_STRICT_PROTOTYPES = YES;
				CLANG_WARN_SUSPICIOUS_MOVE = YES;
				CLANG_WARN_UNGUARDED_AVAILABILITY = YES_AGGRESSIVE;
				CLANG_WARN_UNREACHABLE_CODE = YES;
				CLANG_WARN__DUPLICATE_METHOD_MATCH = YES;
				CODE_SIGN_IDENTITY = "iPhone Developer";
				COPY_PHASE_STRIP = NO;
				DEBUG_INFORMATION_FORMAT = "dwarf-with-dsym";
				ENABLE_NS_ASSERTIONS = NO;
				ENABLE_STRICT_OBJC_MSGSEND = YES;
				GCC_C_LANGUAGE_STANDARD = gnu11;
				GCC_NO_COMMON_BLOCKS = YES;
				GCC_WARN_64_TO_32_BIT_CONVERSION = YES;
				GCC_WARN_ABOUT_RETURN_TYPE = YES_ERROR;
				GCC_WARN_UNDECLARED_SELECTOR = YES;
				GCC_WARN_UNINITIALIZED_AUTOS = YES_AGGRESSIVE;
				GCC_WARN_UNUSED_FUNCTION = YES;
				GCC_WARN_UNUSED_VARIABLE = YES;
				IPHONEOS_DEPLOYMENT_TARGET = 11.4;
				MTL_ENABLE_DEBUG_INFO = NO;
				SDKROOT = iphoneos;
				SWIFT_COMPILATION_MODE = wholemodule;
				SWIFT_OPTIMIZATION_LEVEL = "-O";
				VALIDATE_PRODUCT = YES;
			};
			name = Release;
		};
		63F39F64211B8F230034A4EF /* Debug */ = {
			isa = XCBuildConfiguration;
			buildSettings = {
				ASSETCATALOG_COMPILER_APPICON_NAME = AppIcon;
				CODE_SIGN_STYLE = Automatic;
				INFOPLIST_FILE = emptybuild/Info.plist;
				LD_RUNPATH_SEARCH_PATHS = (
					"$(inherited)",
					"@executable_path/Frameworks",
				);
				PRODUCT_BUNDLE_IDENTIFIER = co.touchlab.emptybuild;
				PRODUCT_NAME = "$(TARGET_NAME)";
				SWIFT_VERSION = 4.0;
				TARGETED_DEVICE_FAMILY = "1,2";
			};
			name = Debug;
		};
		63F39F65211B8F230034A4EF /* Release */ = {
			isa = XCBuildConfiguration;
			buildSettings = {
				ASSETCATALOG_COMPILER_APPICON_NAME = AppIcon;
				CODE_SIGN_STYLE = Automatic;
				INFOPLIST_FILE = emptybuild/Info.plist;
				LD_RUNPATH_SEARCH_PATHS = (
					"$(inherited)",
					"@executable_path/Frameworks",
				);
				PRODUCT_BUNDLE_IDENTIFIER = co.touchlab.emptybuild;
				PRODUCT_NAME = "$(TARGET_NAME)";
				SWIFT_VERSION = 4.0;
				TARGETED_DEVICE_FAMILY = "1,2";
			};
			name = Release;
		};
		63F39F67211B8F230034A4EF /* Debug */ = {
			isa = XCBuildConfiguration;
			buildSettings = {
				ALWAYS_EMBED_SWIFT_STANDARD_LIBRARIES = YES;
				BUNDLE_LOADER = "$(TEST_HOST)";
				CODE_SIGN_STYLE = Automatic;
				INFOPLIST_FILE = emptybuildTests/Info.plist;
				LD_RUNPATH_SEARCH_PATHS = (
					"$(inherited)",
					"@executable_path/Frameworks",
					"@loader_path/Frameworks",
				);
				PRODUCT_BUNDLE_IDENTIFIER = co.touchlab.emptybuildTests;
				PRODUCT_NAME = "$(TARGET_NAME)";
				SWIFT_VERSION = 4.0;
				TARGETED_DEVICE_FAMILY = "1,2";
				TEST_HOST = "$(BUILT_PRODUCTS_DIR)/emptybuild.app/emptybuild";
			};
			name = Debug;
		};
		63F39F68211B8F230034A4EF /* Release */ = {
			isa = XCBuildConfiguration;
			buildSettings = {
				ALWAYS_EMBED_SWIFT_STANDARD_LIBRARIES = YES;
				BUNDLE_LOADER = "$(TEST_HOST)";
				CODE_SIGN_STYLE = Automatic;
				INFOPLIST_FILE = emptybuildTests/Info.plist;
				LD_RUNPATH_SEARCH_PATHS = (
					"$(inherited)",
					"@executable_path/Frameworks",
					"@loader_path/Frameworks",
				);
				PRODUCT_BUNDLE_IDENTIFIER = co.touchlab.emptybuildTests;
				PRODUCT_NAME = "$(TARGET_NAME)";
				SWIFT_VERSION = 4.0;
				TARGETED_DEVICE_FAMILY = "1,2";
				TEST_HOST = "$(BUILT_PRODUCTS_DIR)/emptybuild.app/emptybuild";
			};
			name = Release;
		};
/* End XCBuildConfiguration section */

/* Begin XCConfigurationList section */
		63F39F41211B8F220034A4EF /* Build configuration list for PBXProject "emptybuild" */ = {
			isa = XCConfigurationList;
			buildConfigurations = (
				63F39F61211B8F230034A4EF /* Debug */,
				63F39F62211B8F230034A4EF /* Release */,
			);
			defaultConfigurationIsVisible = 0;
			defaultConfigurationName = Release;
		};
		63F39F63211B8F230034A4EF /* Build configuration list for PBXNativeTarget "emptybuild" */ = {
			isa = XCConfigurationList;
			buildConfigurations = (
				63F39F64211B8F230034A4EF /* Debug */,
				63F39F65211B8F230034A4EF /* Release */,
			);
			defaultConfigurationIsVisible = 0;
			defaultConfigurationName = Release;
		};
		63F39F66211B8F230034A4EF /* Build configuration list for PBXNativeTarget "emptybuildTests" */ = {
			isa = XCConfigurationList;
			buildConfigurations = (
				63F39F67211B8F230034A4EF /* Debug */,
				63F39F68211B8F230034A4EF /* Release */,
			);
			defaultConfigurationIsVisible = 0;
			defaultConfigurationName = Release;
		};
/* End XCConfigurationList section */
	};
	rootObject = 63F39F3E211B8F220034A4EF /* Project object */;
}
